
Microsoft Visual Studio Solution File, Format Version 12.00
# Visual Studio Version 17
VisualStudioVersion = 17.11.35327.3
MinimumVisualStudioVersion = 10.0.40219.1
Project("{FAE04EC0-301F-11D3-BF4B-00C04F79EFBC}") = "SoundLibrary", "SoundLibrary\SoundLibrary.csproj", "{5A6A2849-4BF2-4A11-9A69-6F6359908472}"
EndProject
Global
	GlobalSection(SolutionConfigurationPlatforms) = preSolution
		Debug|Any CPU = Debug|Any CPU
		Release|Any CPU = Release|Any CPU
	EndGlobalSection
	GlobalSection(ProjectConfigurationPlatforms) = postSolution
		{5A6A2849-4BF2-4A11-9A69-6F6359908472}.Debug|Any CPU.ActiveCfg = Debug|Any CPU
		{5A6A2849-4BF2-4A11-9A69-6F6359908472}.Debug|Any CPU.Build.0 = Debug|Any CPU
		{5A6A2849-4BF2-4A11-9A69-6F6359908472}.Release|Any CPU.ActiveCfg = Release|Any CPU
		{5A6A2849-4BF2-4A11-9A69-6F6359908472}.Release|Any CPU.Build.0 = Release|Any CPU
	EndGlobalSection
	GlobalSection(SolutionProperties) = preSolution
		HideSolutionNode = FALSE
	EndGlobalSection
	GlobalSection(ExtensibilityGlobals) = postSolution
		SolutionGuid = {22AFD17D-BBD9-46F0-B9DA-563A413CB35E}
	EndGlobalSection
EndGlobal
